
Microsoft Visual Studio Solution File, Format Version 12.00
# Visual Studio Version 17
VisualStudioVersion = 17.4.33110.190
MinimumVisualStudioVersion = 10.0.40219.1
Project("{9A19103F-16F7-4668-BE54-9A1E7A4F7556}") = "implementationCQRS", "implementationCQRS\implementationCQRS.csproj", "{CFFA1420-274A-41AF-AAF9-E5F2FF5088E1}"
EndProject
Project("{2150E333-8FDC-42A3-9474-1A3956D46DE8}") = "Employee.CMD", "Employee.CMD", "{2144C239-1136-4264-B62A-CD0C9135F451}"
EndProject
Project("{2150E333-8FDC-42A3-9474-1A3956D46DE8}") = "Employee.Query", "Employee.Query", "{7D059184-2FD2-444B-AAAC-F4B877E8CF28}"
EndProject
Project("{FAE04EC0-301F-11D3-BF4B-00C04F79EFBC}") = "Employee.Cmd.Api", "Employee.Cmd.Api\Employee.Cmd.Api.csproj", "{3885B8E0-F35D-48A4-B89A-8981AF6ABE24}"
EndProject
Project("{FAE04EC0-301F-11D3-BF4B-00C04F79EFBC}") = "Employee.Cmd.Domain", "Employee.Cmd.Domain\Employee.Cmd.Domain.csproj", "{30E924FB-E23A-4045-A357-F2CE0F2936ED}"
EndProject
Project("{FAE04EC0-301F-11D3-BF4B-00C04F79EFBC}") = "Employee.Cmd.Infrastructure", "Employee.Cmd.Infrastructure\Employee.Cmd.Infrastructure.csproj", "{400728C8-3EF2-40C6-A96D-98E750B26270}"
EndProject
Project("{2150E333-8FDC-42A3-9474-1A3956D46DE8}") = "Employee.Common", "Employee.Common", "{1699E5F4-9A90-4BB9-A608-46A6CC59590A}"
EndProject
Project("{2150E333-8FDC-42A3-9474-1A3956D46DE8}") = "CQRS-ES", "CQRS-ES", "{2CE2BFB4-C4B8-4956-8EBE-D1291E353B2C}"
EndProject
Project("{2150E333-8FDC-42A3-9474-1A3956D46DE8}") = "SM-Employee", "SM-Employee", "{1BBFEA08-5141-4497-B49E-6B3FE458D00D}"
EndProject
Project("{FAE04EC0-301F-11D3-BF4B-00C04F79EFBC}") = "Employee.Common", "Employee.Common\Employee.Common.csproj", "{FA09AFFC-A880-44AD-ADBB-F5C2647D4CFE}"
EndProject
Project("{FAE04EC0-301F-11D3-BF4B-00C04F79EFBC}") = "Employee.Query.Api", "Employee.Query.Api\Employee.Query.Api.csproj", "{A8943A4C-6E96-4AFD-9BCA-489835B58AFE}"
EndProject
Project("{FAE04EC0-301F-11D3-BF4B-00C04F79EFBC}") = "Employee.Query.Domain", "Employee.Query.Domain\Employee.Query.Domain.csproj", "{4D197420-D909-4E20-9763-E87940380AC5}"
EndProject
Project("{FAE04EC0-301F-11D3-BF4B-00C04F79EFBC}") = "Employee.Query.Infrastructure", "Employee.Query.Infrastructure\Employee.Query.Infrastructure.csproj", "{066A9218-7B4A-422F-A873-143FB45A4277}"
EndProject
Project("{2150E333-8FDC-42A3-9474-1A3956D46DE8}") = "CQRS.Core", "CQRS.Core", "{931A47E3-DE42-447B-8FA5-7FEC83212E89}"
EndProject
Project("{FAE04EC0-301F-11D3-BF4B-00C04F79EFBC}") = "CQRS.Core", "CQRS.Core\CQRS.Core.csproj", "{8F2BBF8E-F3B6-4F4E-8F80-F6F46FBE4684}"
EndProject
Global
	GlobalSection(SolutionConfigurationPlatforms) = preSolution
		Debug|Any CPU = Debug|Any CPU
		Release|Any CPU = Release|Any CPU
	EndGlobalSection
	GlobalSection(ProjectConfigurationPlatforms) = postSolution
		{CFFA1420-274A-41AF-AAF9-E5F2FF5088E1}.Debug|Any CPU.ActiveCfg = Debug|Any CPU
		{CFFA1420-274A-41AF-AAF9-E5F2FF5088E1}.Debug|Any CPU.Build.0 = Debug|Any CPU
		{CFFA1420-274A-41AF-AAF9-E5F2FF5088E1}.Release|Any CPU.ActiveCfg = Release|Any CPU
		{CFFA1420-274A-41AF-AAF9-E5F2FF5088E1}.Release|Any CPU.Build.0 = Release|Any CPU
		{3885B8E0-F35D-48A4-B89A-8981AF6ABE24}.Debug|Any CPU.ActiveCfg = Debug|Any CPU
		{3885B8E0-F35D-48A4-B89A-8981AF6ABE24}.Debug|Any CPU.Build.0 = Debug|Any CPU
		{3885B8E0-F35D-48A4-B89A-8981AF6ABE24}.Release|Any CPU.ActiveCfg = Release|Any CPU
		{3885B8E0-F35D-48A4-B89A-8981AF6ABE24}.Release|Any CPU.Build.0 = Release|Any CPU
		{30E924FB-E23A-4045-A357-F2CE0F2936ED}.Debug|Any CPU.ActiveCfg = Debug|Any CPU
		{30E924FB-E23A-4045-A357-F2CE0F2936ED}.Debug|Any CPU.Build.0 = Debug|Any CPU
		{30E924FB-E23A-4045-A357-F2CE0F2936ED}.Release|Any CPU.ActiveCfg = Release|Any CPU
		{30E924FB-E23A-4045-A357-F2CE0F2936ED}.Release|Any CPU.Build.0 = Release|Any CPU
		{400728C8-3EF2-40C6-A96D-98E750B26270}.Debug|Any CPU.ActiveCfg = Debug|Any CPU
		{400728C8-3EF2-40C6-A96D-98E750B26270}.Debug|Any CPU.Build.0 = Debug|Any CPU
		{400728C8-3EF2-40C6-A96D-98E750B26270}.Release|Any CPU.ActiveCfg = Release|Any CPU
		{400728C8-3EF2-40C6-A96D-98E750B26270}.Release|Any CPU.Build.0 = Release|Any CPU
		{FA09AFFC-A880-44AD-ADBB-F5C2647D4CFE}.Debug|Any CPU.ActiveCfg = Debug|Any CPU
		{FA09AFFC-A880-44AD-ADBB-F5C2647D4CFE}.Debug|Any CPU.Build.0 = Debug|Any CPU
		{FA09AFFC-A880-44AD-ADBB-F5C2647D4CFE}.Release|Any CPU.ActiveCfg = Release|Any CPU
		{FA09AFFC-A880-44AD-ADBB-F5C2647D4CFE}.Release|Any CPU.Build.0 = Release|Any CPU
		{A8943A4C-6E96-4AFD-9BCA-489835B58AFE}.Debug|Any CPU.ActiveCfg = Debug|Any CPU
		{A8943A4C-6E96-4AFD-9BCA-489835B58AFE}.Debug|Any CPU.Build.0 = Debug|Any CPU
		{A8943A4C-6E96-4AFD-9BCA-489835B58AFE}.Release|Any CPU.ActiveCfg = Release|Any CPU
		{A8943A4C-6E96-4AFD-9BCA-489835B58AFE}.Release|Any CPU.Build.0 = Release|Any CPU
		{4D197420-D909-4E20-9763-E87940380AC5}.Debug|Any CPU.ActiveCfg = Debug|Any CPU
		{4D197420-D909-4E20-9763-E87940380AC5}.Debug|Any CPU.Build.0 = Debug|Any CPU
		{4D197420-D909-4E20-9763-E87940380AC5}.Release|Any CPU.ActiveCfg = Release|Any CPU
		{4D197420-D909-4E20-9763-E87940380AC5}.Release|Any CPU.Build.0 = Release|Any CPU
		{066A9218-7B4A-422F-A873-143FB45A4277}.Debug|Any CPU.ActiveCfg = Debug|Any CPU
		{066A9218-7B4A-422F-A873-143FB45A4277}.Debug|Any CPU.Build.0 = Debug|Any CPU
		{066A9218-7B4A-422F-A873-143FB45A4277}.Release|Any CPU.ActiveCfg = Release|Any CPU
		{066A9218-7B4A-422F-A873-143FB45A4277}.Release|Any CPU.Build.0 = Release|Any CPU
		{8F2BBF8E-F3B6-4F4E-8F80-F6F46FBE4684}.Debug|Any CPU.ActiveCfg = Debug|Any CPU
		{8F2BBF8E-F3B6-4F4E-8F80-F6F46FBE4684}.Debug|Any CPU.Build.0 = Debug|Any CPU
		{8F2BBF8E-F3B6-4F4E-8F80-F6F46FBE4684}.Release|Any CPU.ActiveCfg = Release|Any CPU
		{8F2BBF8E-F3B6-4F4E-8F80-F6F46FBE4684}.Release|Any CPU.Build.0 = Release|Any CPU
	EndGlobalSection
	GlobalSection(SolutionProperties) = preSolution
		HideSolutionNode = FALSE
	EndGlobalSection
	GlobalSection(NestedProjects) = preSolution
		{2144C239-1136-4264-B62A-CD0C9135F451} = {1BBFEA08-5141-4497-B49E-6B3FE458D00D}
		{7D059184-2FD2-444B-AAAC-F4B877E8CF28} = {1BBFEA08-5141-4497-B49E-6B3FE458D00D}
		{3885B8E0-F35D-48A4-B89A-8981AF6ABE24} = {2144C239-1136-4264-B62A-CD0C9135F451}
		{30E924FB-E23A-4045-A357-F2CE0F2936ED} = {2144C239-1136-4264-B62A-CD0C9135F451}
		{400728C8-3EF2-40C6-A96D-98E750B26270} = {2144C239-1136-4264-B62A-CD0C9135F451}
		{1699E5F4-9A90-4BB9-A608-46A6CC59590A} = {1BBFEA08-5141-4497-B49E-6B3FE458D00D}
		{FA09AFFC-A880-44AD-ADBB-F5C2647D4CFE} = {1699E5F4-9A90-4BB9-A608-46A6CC59590A}
		{A8943A4C-6E96-4AFD-9BCA-489835B58AFE} = {7D059184-2FD2-444B-AAAC-F4B877E8CF28}
		{4D197420-D909-4E20-9763-E87940380AC5} = {7D059184-2FD2-444B-AAAC-F4B877E8CF28}
		{066A9218-7B4A-422F-A873-143FB45A4277} = {7D059184-2FD2-444B-AAAC-F4B877E8CF28}
		{931A47E3-DE42-447B-8FA5-7FEC83212E89} = {2CE2BFB4-C4B8-4956-8EBE-D1291E353B2C}
		{8F2BBF8E-F3B6-4F4E-8F80-F6F46FBE4684} = {931A47E3-DE42-447B-8FA5-7FEC83212E89}
	EndGlobalSection
	GlobalSection(ExtensibilityGlobals) = postSolution
		SolutionGuid = {49240F38-3C88-4B5A-B09C-4E7EEFFBF7AB}
	EndGlobalSection
EndGlobal
